// !$*UTF8*$!
{
	archiveVersion = 1;
	classes = {
	};
	objectVersion = 50;
	objects = {

/* Begin PBXBuildFile section */
		4125644E24C182A10036B5C5 /* homePage.swift in Sources */ = {isa = PBXBuildFile; fileRef = 4125644D24C182A10036B5C5 /* homePage.swift */; };
		418B42D924BA3E2D00BD497F /* AppDelegate.swift in Sources */ = {isa = PBXBuildFile; fileRef = 418B42D824BA3E2D00BD497F /* AppDelegate.swift */; };
		418B42DB24BA3E2D00BD497F /* SceneDelegate.swift in Sources */ = {isa = PBXBuildFile; fileRef = 418B42DA24BA3E2D00BD497F /* SceneDelegate.swift */; };
		418B42DD24BA3E2D00BD497F /* ViewController.swift in Sources */ = {isa = PBXBuildFile; fileRef = 418B42DC24BA3E2D00BD497F /* ViewController.swift */; };
		418B42E024BA3E2D00BD497F /* Main.storyboard in Resources */ = {isa = PBXBuildFile; fileRef = 418B42DE24BA3E2D00BD497F /* Main.storyboard */; };
		418B42E224BA3E2F00BD497F /* Assets.xcassets in Resources */ = {isa = PBXBuildFile; fileRef = 418B42E124BA3E2F00BD497F /* Assets.xcassets */; };
		418B42E524BA3E2F00BD497F /* LaunchScreen.storyboard in Resources */ = {isa = PBXBuildFile; fileRef = 418B42E324BA3E2F00BD497F /* LaunchScreen.storyboard */; };
		418B42ED24BA590800BD497F /* SecondPage.swift in Sources */ = {isa = PBXBuildFile; fileRef = 418B42EC24BA590800BD497F /* SecondPage.swift */; };
		418B42EF24BA596600BD497F /* ThirdPage.swift in Sources */ = {isa = PBXBuildFile; fileRef = 418B42EE24BA596600BD497F /* ThirdPage.swift */; };
/* End PBXBuildFile section */

/* Begin PBXFileReference section */
		4125644D24C182A10036B5C5 /* homePage.swift */ = {isa = PBXFileReference; lastKnownFileType = sourcecode.swift; path = homePage.swift; sourceTree = "<group>"; };
		418B42D524BA3E2D00BD497F /* Desired Weight.app */ = {isa = PBXFileReference; explicitFileType = wrapper.application; includeInIndex = 0; path = "Desired Weight.app"; sourceTree = BUILT_PRODUCTS_DIR; };
		418B42D824BA3E2D00BD497F /* AppDelegate.swift */ = {isa = PBXFileReference; lastKnownFileType = sourcecode.swift; path = AppDelegate.swift; sourceTree = "<group>"; };
		418B42DA24BA3E2D00BD497F /* SceneDelegate.swift */ = {isa = PBXFileReference; lastKnownFileType = sourcecode.swift; path = SceneDelegate.swift; sourceTree = "<group>"; };
		418B42DC24BA3E2D00BD497F /* ViewController.swift */ = {isa = PBXFileReference; lastKnownFileType = sourcecode.swift; path = ViewController.swift; sourceTree = "<group>"; };
		418B42DF24BA3E2D00BD497F /* Base */ = {isa = PBXFileReference; lastKnownFileType = file.storyboard; name = Base; path = Base.lproj/Main.storyboard; sourceTree = "<group>"; };
		418B42E124BA3E2F00BD497F /* Assets.xcassets */ = {isa = PBXFileReference; lastKnownFileType = folder.assetcatalog; path = Assets.xcassets; sourceTree = "<group>"; };
		418B42E424BA3E2F00BD497F /* Base */ = {isa = PBXFileReference; lastKnownFileType = file.storyboard; name = Base; path = Base.lproj/LaunchScreen.storyboard; sourceTree = "<group>"; };
		418B42E624BA3E2F00BD497F /* Info.plist */ = {isa = PBXFileReference; lastKnownFileType = text.plist.xml; path = Info.plist; sourceTree = "<group>"; };
		418B42EC24BA590800BD497F /* SecondPage.swift */ = {isa = PBXFileReference; lastKnownFileType = sourcecode.swift; path = SecondPage.swift; sourceTree = "<group>"; };
		418B42EE24BA596600BD497F /* ThirdPage.swift */ = {isa = PBXFileReference; lastKnownFileType = sourcecode.swift; path = ThirdPage.swift; sourceTree = "<group>"; };
/* End PBXFileReference section */

/* Begin PBXFrameworksBuildPhase section */
		418B42D224BA3E2D00BD497F /* Frameworks */ = {
			isa = PBXFrameworksBuildPhase;
			buildActionMask = 2147483647;
			files = (
			);
			runOnlyForDeploymentPostprocessing = 0;
		};
/* End PBXFrameworksBuildPhase section */

/* Begin PBXGroup section */
		418B42CC24BA3E2D00BD497F = {
			isa = PBXGroup;
			children = (
				418B42D724BA3E2D00BD497F /* Desired Weight */,
				418B42D624BA3E2D00BD497F /* Products */,
			);
			sourceTree = "<group>";
		};
		418B42D624BA3E2D00BD497F /* Products */ = {
			isa = PBXGroup;
			children = (
				418B42D524BA3E2D00BD497F /* Desired Weight.app */,
			);
			name = Products;
			sourceTree = "<group>";
		};
		418B42D724BA3E2D00BD497F /* Desired Weight */ = {
			isa = PBXGroup;
			children = (
				418B42D824BA3E2D00BD497F /* AppDelegate.swift */,
				418B42DA24BA3E2D00BD497F /* SceneDelegate.swift */,
				418B42F024BA598900BD497F /* Controller */,
				418B42DE24BA3E2D00BD497F /* Main.storyboard */,
				418B42E124BA3E2F00BD497F /* Assets.xcassets */,
				418B42E324BA3E2F00BD497F /* LaunchScreen.storyboard */,
				418B42E624BA3E2F00BD497F /* Info.plist */,
			);
			path = "Desired Weight";
			sourceTree = "<group>";
		};
		418B42F024BA598900BD497F /* Controller */ = {
			isa = PBXGroup;
			children = (
				4125644D24C182A10036B5C5 /* homePage.swift */,
				418B42DC24BA3E2D00BD497F /* ViewController.swift */,
				418B42EC24BA590800BD497F /* SecondPage.swift */,
				418B42EE24BA596600BD497F /* ThirdPage.swift */,
			);
			path = Controller;
			sourceTree = "<group>";
		};
/* End PBXGroup section */

/* Begin PBXNativeTarget section */
		418B42D424BA3E2D00BD497F /* Desired Weight */ = {
			isa = PBXNativeTarget;
			buildConfigurationList = 418B42E924BA3E2F00BD497F /* Build configuration list for PBXNativeTarget "Desired Weight" */;
			buildPhases = (
				418B42D124BA3E2D00BD497F /* Sources */,
				418B42D224BA3E2D00BD497F /* Frameworks */,
				418B42D324BA3E2D00BD497F /* Resources */,
			);
			buildRules = (
			);
			dependencies = (
			);
			name = "Desired Weight";
			productName = "Desired Weight";
			productReference = 418B42D524BA3E2D00BD497F /* Desired Weight.app */;
			productType = "com.apple.product-type.application";
		};
/* End PBXNativeTarget section */

/* Begin PBXProject section */
		418B42CD24BA3E2D00BD497F /* Project object */ = {
			isa = PBXProject;
			attributes = {
				LastSwiftUpdateCheck = 1150;
				LastUpgradeCheck = 1200;
				ORGANIZATIONNAME = "Long Nguyen";
				TargetAttributes = {
					418B42D424BA3E2D00BD497F = {
						CreatedOnToolsVersion = 11.5;
					};
				};
			};
			buildConfigurationList = 418B42D024BA3E2D00BD497F /* Build configuration list for PBXProject "Desired Weight" */;
			compatibilityVersion = "Xcode 9.3";
			developmentRegion = en;
			hasScannedForEncodings = 0;
			knownRegions = (
				en,
				Base,
			);
			mainGroup = 418B42CC24BA3E2D00BD497F;
			productRefGroup = 418B42D624BA3E2D00BD497F /* Products */;
			projectDirPath = "";
			projectRoot = "";
			targets = (
				418B42D424BA3E2D00BD497F /* Desired Weight */,
			);
		};
/* End PBXProject section */

/* Begin PBXResourcesBuildPhase section */
		418B42D324BA3E2D00BD497F /* Resources */ = {
			isa = PBXResourcesBuildPhase;
			buildActionMask = 2147483647;
			files = (
				418B42E524BA3E2F00BD497F /* LaunchScreen.storyboard in Resources */,
				418B42E224BA3E2F00BD497F /* Assets.xcassets in Resources */,
				418B42E024BA3E2D00BD497F /* Main.storyboard in Resources */,
			);
			runOnlyForDeploymentPostprocessing = 0;
		};
/* End PBXResourcesBuildPhase section */

/* Begin PBXSourcesBuildPhase section */
		418B42D124BA3E2D00BD497F /* Sources */ = {
			isa = PBXSourcesBuildPhase;
			buildActionMask = 2147483647;
			files = (
				418B42ED24BA590800BD497F /* SecondPage.swift in Sources */,
				418B42EF24BA596600BD497F /* ThirdPage.swift in Sources */,
				418B42DD24BA3E2D00BD497F /* ViewController.swift in Sources */,
				4125644E24C182A10036B5C5 /* homePage.swift in Sources */,
				418B42D924BA3E2D00BD497F /* AppDelegate.swift in Sources */,
				418B42DB24BA3E2D00BD497F /* SceneDelegate.swift in Sources */,
			);
			runOnlyForDeploymentPostprocessing = 0;
		};
/* End PBXSourcesBuildPhase section */

/* Begin PBXVariantGroup section */
		418B42DE24BA3E2D00BD497F /* Main.storyboard */ = {
			isa = PBXVariantGroup;
			children = (
				418B42DF24BA3E2D00BD497F /* Base */,
			);
			name = Main.storyboard;
			sourceTree = "<group>";
		};
		418B42E324BA3E2F00BD497F /* LaunchScreen.storyboard */ = {
			isa = PBXVariantGroup;
			children = (
				418B42E424BA3E2F00BD497F /* Base */,
			);
			name = LaunchScreen.storyboard;
			sourceTree = "<group>";
		};
/* End PBXVariantGroup section */

/* Begin XCBuildConfiguration section */
		418B42E724BA3E2F00BD497F /* Debug */ = {
			isa = XCBuildConfiguration;
			buildSettings = {
				ALWAYS_SEARCH_USER_PATHS = NO;
				CLANG_ANALYZER_NONNULL = YES;
				CLANG_ANALYZER_NUMBER_OBJECT_CONVERSION = YES_AGGRESSIVE;
				CLANG_CXX_LANGUAGE_STANDARD = "gnu++14";
				CLANG_CXX_LIBRARY = "libc++";
				CLANG_ENABLE_MODULES = YES;
				CLANG_ENABLE_OBJC_ARC = YES;
				CLANG_ENABLE_OBJC_WEAK = YES;
				CLANG_WARN_BLOCK_CAPTURE_AUTORELEASING = YES;
				CLANG_WARN_BOOL_CONVERSION = YES;
				CLANG_WARN_COMMA = YES;
				CLANG_WARN_CONSTANT_CONVERSION = YES;
				CLANG_WARN_DEPRECATED_OBJC_IMPLEMENTATIONS = YES;
				CLANG_WARN_DIRECT_OBJC_ISA_USAGE = YES_ERROR;
				CLANG_WARN_DOCUMENTATION_COMMENTS = YES;
				CLANG_WARN_EMPTY_BODY = YES;
				CLANG_WARN_ENUM_CONVERSION = YES;
				CLANG_WARN_INFINITE_RECURSION = YES;
				CLANG_WARN_INT_CONVERSION = YES;
				CLANG_WARN_NON_LITERAL_NULL_CONVERSION = YES;
				CLANG_WARN_OBJC_IMPLICIT_RETAIN_SELF = YES;
				CLANG_WARN_OBJC_LITERAL_CONVERSION = YES;
				CLANG_WARN_OBJC_ROOT_CLASS = YES_ERROR;
				CLANG_WARN_QUOTED_INCLUDE_IN_FRAMEWORK_HEADER = YES;
				CLANG_WARN_RANGE_LOOP_ANALYSIS = YES;
				CLANG_WARN_STRICT_PROTOTYPES = YES;
				CLANG_WARN_SUSPICIOUS_MOVE = YES;
				CLANG_WARN_UNGUARDED_AVAILABILITY = YES_AGGRESSIVE;
				CLANG_WARN_UNREACHABLE_CODE = YES;
				CLANG_WARN__DUPLICATE_METHOD_MATCH = YES;
				COPY_PHASE_STRIP = NO;
				DEBUG_INFORMATION_FORMAT = dwarf;
				ENABLE_STRICT_OBJC_MSGSEND = YES;
				ENABLE_TESTABILITY = YES;
				GCC_C_LANGUAGE_STANDARD = gnu11;
				GCC_DYNAMIC_NO_PIC = NO;
				GCC_NO_COMMON_BLOCKS = YES;
				GCC_OPTIMIZATION_LEVEL = 0;
				GCC_PREPROCESSOR_DEFINITIONS = (
					"DEBUG=1",
					"$(inherited)",
				);
				GCC_WARN_64_TO_32_BIT_CONVERSION = YES;
				GCC_WARN_ABOUT_RETURN_TYPE = YES_ERROR;
				GCC_WARN_UNDECLARED_SELECTOR = YES;
				GCC_WARN_UNINITIALIZED_AUTOS = YES_AGGRESSIVE;
				GCC_WARN_UNUSED_FUNCTION = YES;
				GCC_WARN_UNUSED_VARIABLE = YES;
				IPHONEOS_DEPLOYMENT_TARGET = 13.0;
				MTL_ENABLE_DEBUG_INFO = INCLUDE_SOURCE;
				MTL_FAST_MATH = YES;
				ONLY_ACTIVE_ARCH = YES;
				SDKROOT = iphoneos;
				SWIFT_ACTIVE_COMPILATION_CONDITIONS = DEBUG;
				SWIFT_OPTIMIZATION_LEVEL = "-Onone";
			};
			name = Debug;
		};
		418B42E824BA3E2F00BD497F /* Release */ = {
			isa = XCBuildConfiguration;
			buildSettings = {
				ALWAYS_SEARCH_USER_PATHS = NO;
				CLANG_ANALYZER_NONNULL = YES;
				CLANG_ANALYZER_NUMBER_OBJECT_CONVERSION = YES_AGGRESSIVE;
				CLANG_CXX_LANGUAGE_STANDARD = "gnu++14";
				CLANG_CXX_LIBRARY = "libc++";
				CLANG_ENABLE_MODULES = YES;
				CLANG_ENABLE_OBJC_ARC = YES;
				CLANG_ENABLE_OBJC_WEAK = YES;
				CLANG_WARN_BLOCK_CAPTURE_AUTORELEASING = YES;
				CLANG_WARN_BOOL_CONVERSION = YES;
				CLANG_WARN_COMMA = YES;
				CLANG_WARN_CONSTANT_CONVERSION = YES;
				CLANG_WARN_DEPRECATED_OBJC_IMPLEMENTATIONS = YES;
				CLANG_WARN_DIRECT_OBJC_ISA_USAGE = YES_ERROR;
				CLANG_WARN_DOCUMENTATION_COMMENTS = YES;
				CLANG_WARN_EMPTY_BODY = YES;
				CLANG_WARN_ENUM_CONVERSION = YES;
				CLANG_WARN_INFINITE_RECURSION = YES;
				CLANG_WARN_INT_CONVERSION = YES;
				CLANG_WARN_NON_LITERAL_NULL_CONVERSION = YES;
				CLANG_WARN_OBJC_IMPLICIT_RETAIN_SELF = YES;
				CLANG_WARN_OBJC_LITERAL_CONVERSION = YES;
				CLANG_WARN_OBJC_ROOT_CLASS = YES_ERROR;
				CLANG_WARN_QUOTED_INCLUDE_IN_FRAMEWORK_HEADER = YES;
				CLANG_WARN_RANGE_LOOP_ANALYSIS = YES;
				CLANG_WARN_STRICT_PROTOTYPES = YES;
				CLANG_WARN_SUSPICIOUS_MOVE = YES;
				CLANG_WARN_UNGUARDED_AVAILABILITY = YES_AGGRESSIVE;
				CLANG_WARN_UNREACHABLE_CODE = YES;
				CLANG_WARN__DUPLICATE_METHOD_MATCH = YES;
				COPY_PHASE_STRIP = NO;
				DEBUG_INFORMATION_FORMAT = "dwarf-with-dsym";
				ENABLE_NS_ASSERTIONS = NO;
				ENABLE_STRICT_OBJC_MSGSEND = YES;
				GCC_C_LANGUAGE_STANDARD = gnu11;
				GCC_NO_COMMON_BLOCKS = YES;
				GCC_WARN_64_TO_32_BIT_CONVERSION = YES;
				GCC_WARN_ABOUT_RETURN_TYPE = YES_ERROR;
				GCC_WARN_UNDECLARED_SELECTOR = YES;
				GCC_WARN_UNINITIALIZED_AUTOS = YES_AGGRESSIVE;
				GCC_WARN_UNUSED_FUNCTION = YES;
				GCC_WARN_UNUSED_VARIABLE = YES;
				IPHONEOS_DEPLOYMENT_TARGET = 13.0;
				MTL_ENABLE_DEBUG_INFO = NO;
				MTL_FAST_MATH = YES;
				SDKROOT = iphoneos;
				SWIFT_COMPILATION_MODE = wholemodule;
				SWIFT_OPTIMIZATION_LEVEL = "-O";
				VALIDATE_PRODUCT = YES;
			};
			name = Release;
		};
		418B42EA24BA3E2F00BD497F /* Debug */ = {
			isa = XCBuildConfiguration;
			buildSettings = {
				ASSETCATALOG_COMPILER_APPICON_NAME = AppIcon;
				CODE_SIGN_STYLE = Automatic;
				DEVELOPMENT_TEAM = 7Q54M9F3YT;
				INFOPLIST_FILE = "Desired Weight/Info.plist";
				IPHONEOS_DEPLOYMENT_TARGET = 13.0;
				LD_RUNPATH_SEARCH_PATHS = (
					"$(inherited)",
					"@executable_path/Frameworks",
				);
				MARKETING_VERSION = 1.1;
				PRODUCT_BUNDLE_IDENTIFIER = com.LongNguyen.DesiredWeight;
				PRODUCT_NAME = "$(TARGET_NAME)";
				SWIFT_VERSION = 5.0;
				TARGETED_DEVICE_FAMILY = 1;
			};
			name = Debug;
		};
		418B42EB24BA3E2F00BD497F /* Release */ = {
			isa = XCBuildConfiguration;
			buildSettings = {
				ASSETCATALOG_COMPILER_APPICON_NAME = AppIcon;
				CODE_SIGN_STYLE = Automatic;
				DEVELOPMENT_TEAM = 7Q54M9F3YT;
				INFOPLIST_FILE = "Desired Weight/Info.plist";
				IPHONEOS_DEPLOYMENT_TARGET = 13.0;
				LD_RUNPATH_SEARCH_PATHS = (
					"$(inherited)",
					"@executable_path/Frameworks",
				);
				MARKETING_VERSION = 1.1;
				PRODUCT_BUNDLE_IDENTIFIER = com.LongNguyen.DesiredWeight;
				PRODUCT_NAME = "$(TARGET_NAME)";
				SWIFT_VERSION = 5.0;
				TARGETED_DEVICE_FAMILY = 1;
			};
			name = Release;
		};
/* End XCBuildConfiguration section */

/* Begin XCConfigurationList section */
		418B42D024BA3E2D00BD497F /* Build configuration list for PBXProject "Desired Weight" */ = {
			isa = XCConfigurationList;
			buildConfigurations = (
				418B42E724BA3E2F00BD497F /* Debug */,
				418B42E824BA3E2F00BD497F /* Release */,
			);
			defaultConfigurationIsVisible = 0;
			defaultConfigurationName = Release;
		};
		418B42E924BA3E2F00BD497F /* Build configuration list for PBXNativeTarget "Desired Weight" */ = {
			isa = XCConfigurationList;
			buildConfigurations = (
				418B42EA24BA3E2F00BD497F /* Debug */,
				418B42EB24BA3E2F00BD497F /* Release */,
			);
			defaultConfigurationIsVisible = 0;
			defaultConfigurationName = Release;
		};
/* End XCConfigurationList section */
	};
	rootObject = 418B42CD24BA3E2D00BD497F /* Project object */;
}
